
Microsoft Visual Studio Solution File, Format Version 12.00
# Visual Studio Version 17
VisualStudioVersion = 17.13.35919.96 d17.13
MinimumVisualStudioVersion = 10.0.40219.1
Project("{FAE04EC0-301F-11D3-BF4B-00C04F79EFBC}") = "IUS_OKO", "IUS_OKO.csproj", "{EC4383CF-D793-40C2-9F5A-D6120A3399BA}"
EndProject
Global
	GlobalSection(SolutionConfigurationPlatforms) = preSolution
		Debug|Any CPU = Debug|Any CPU
		Release|Any CPU = Release|Any CPU
	EndGlobalSection
	GlobalSection(ProjectConfigurationPlatforms) = postSolution
		{EC4383CF-D793-40C2-9F5A-D6120A3399BA}.Debug|Any CPU.ActiveCfg = Debug|Any CPU
		{EC4383CF-D793-40C2-9F5A-D6120A3399BA}.Debug|Any CPU.Build.0 = Debug|Any CPU
		{EC4383CF-D793-40C2-9F5A-D6120A3399BA}.Release|Any CPU.ActiveCfg = Release|Any CPU
		{EC4383CF-D793-40C2-9F5A-D6120A3399BA}.Release|Any CPU.Build.0 = Release|Any CPU
	EndGlobalSection
	GlobalSection(SolutionProperties) = preSolution
		HideSolutionNode = FALSE
	EndGlobalSection
	GlobalSection(ExtensibilityGlobals) = postSolution
		SolutionGuid = {1BCB0AEF-ED70-4206-862B-88F795233196}
	EndGlobalSection
EndGlobal
